
Microsoft Visual Studio Solution File, Format Version 12.00
# Visual Studio Version 16
VisualStudioVersion = 16.0.31025.218
MinimumVisualStudioVersion = 10.0.40219.1
Project("{9A19103F-16F7-4668-BE54-9A1E7A4F7556}") = "CG.Configuration.Clients", "CG.Configuration.Clients\CG.Configuration.Clients.csproj", "{B3934DCF-7369-452D-969D-333B72A3D9D7}"
EndProject
Project("{9A19103F-16F7-4668-BE54-9A1E7A4F7556}") = "CG.Configuration.Clients.Tests", "..\tests\CG.Configuration.Clients.Tests\CG.Configuration.Clients.Tests.csproj", "{1EB06F46-6339-4250-BD1A-8E07174BDC92}"
EndProject
Global
	GlobalSection(SolutionConfigurationPlatforms) = preSolution
		Debug|Any CPU = Debug|Any CPU
		Release|Any CPU = Release|Any CPU
	EndGlobalSection
	GlobalSection(ProjectConfigurationPlatforms) = postSolution
		{B3934DCF-7369-452D-969D-333B72A3D9D7}.Debug|Any CPU.ActiveCfg = Debug|Any CPU
		{B3934DCF-7369-452D-969D-333B72A3D9D7}.Debug|Any CPU.Build.0 = Debug|Any CPU
		{B3934DCF-7369-452D-969D-333B72A3D9D7}.Release|Any CPU.ActiveCfg = Release|Any CPU
		{B3934DCF-7369-452D-969D-333B72A3D9D7}.Release|Any CPU.Build.0 = Release|Any CPU
		{1EB06F46-6339-4250-BD1A-8E07174BDC92}.Debug|Any CPU.ActiveCfg = Debug|Any CPU
		{1EB06F46-6339-4250-BD1A-8E07174BDC92}.Debug|Any CPU.Build.0 = Debug|Any CPU
		{1EB06F46-6339-4250-BD1A-8E07174BDC92}.Release|Any CPU.ActiveCfg = Release|Any CPU
		{1EB06F46-6339-4250-BD1A-8E07174BDC92}.Release|Any CPU.Build.0 = Release|Any CPU
	EndGlobalSection
	GlobalSection(SolutionProperties) = preSolution
		HideSolutionNode = FALSE
	EndGlobalSection
	GlobalSection(ExtensibilityGlobals) = postSolution
		SolutionGuid = {B531A209-9AB1-458B-9F48-35F08183F9AF}
	EndGlobalSection
EndGlobal
